// !$*UTF8*$!
{
	archiveVersion = 1;
	classes = {
	};
	objectVersion = 56;
	objects = {

/* Begin PBXBuildFile section */
		A4ADC3A32A3E2EF3006B7541 /* main.cpp in Sources */ = {isa = PBXBuildFile; fileRef = A4ADC3A22A3E2EF3006B7541 /* main.cpp */; };
		A4ADC3AE2A3E3234006B7541 /* CoreFoundation.framework in Frameworks */ = {isa = PBXBuildFile; fileRef = A4ADC3AD2A3E3234006B7541 /* CoreFoundation.framework */; };
		A4ADC3B32A3E5DFC006B7541 /* IOKit.framework in Frameworks */ = {isa = PBXBuildFile; fileRef = A4ADC3B22A3E5DFC006B7541 /* IOKit.framework */; };
		A4ADC3B72A3F7414006B7541 /* Carbon.framework in Frameworks */ = {isa = PBXBuildFile; fileRef = A4ADC3B62A3F7414006B7541 /* Carbon.framework */; };
/* End PBXBuildFile section */

/* Begin PBXCopyFilesBuildPhase section */
		A4ADC39D2A3E2EF3006B7541 /* CopyFiles */ = {
			isa = PBXCopyFilesBuildPhase;
			buildActionMask = 2147483647;
			dstPath = /usr/share/man/man1/;
			dstSubfolderSpec = 0;
			files = (
			);
			runOnlyForDeploymentPostprocessing = 1;
		};
/* End PBXCopyFilesBuildPhase section */

/* Begin PBXFileReference section */
		A4ADC39F2A3E2EF3006B7541 /* macOS tips - part 2 */ = {isa = PBXFileReference; explicitFileType = "compiled.mach-o.executable"; includeInIndex = 0; path = "macOS tips - part 2"; sourceTree = BUILT_PRODUCTS_DIR; };
		A4ADC3A22A3E2EF3006B7541 /* main.cpp */ = {isa = PBXFileReference; lastKnownFileType = sourcecode.cpp.cpp; path = main.cpp; sourceTree = "<group>"; };
		A4ADC3A92A3E2FCF006B7541 /* README.md */ = {isa = PBXFileReference; lastKnownFileType = net.daringfireball.markdown; path = README.md; sourceTree = "<group>"; };
		A4ADC3AA2A3E303E006B7541 /* notif_reboot_shutdown.h */ = {isa = PBXFileReference; lastKnownFileType = sourcecode.c.h; path = notif_reboot_shutdown.h; sourceTree = "<group>"; };
		A4ADC3AB2A3E30E9006B7541 /* rdr_wrtr.h */ = {isa = PBXFileReference; fileEncoding = 4; lastKnownFileType = sourcecode.c.h; path = rdr_wrtr.h; sourceTree = "<group>"; };
		A4ADC3AD2A3E3234006B7541 /* CoreFoundation.framework */ = {isa = PBXFileReference; lastKnownFileType = wrapper.framework; name = CoreFoundation.framework; path = System/Library/Frameworks/CoreFoundation.framework; sourceTree = SDKROOT; };
		A4ADC3AF2A3E3505006B7541 /* types.h */ = {isa = PBXFileReference; lastKnownFileType = sourcecode.c.h; path = types.h; sourceTree = "<group>"; };
		A4ADC3B02A3E38A8006B7541 /* synched_data.h */ = {isa = PBXFileReference; fileEncoding = 4; lastKnownFileType = sourcecode.c.h; path = synched_data.h; sourceTree = "<group>"; };
		A4ADC3B12A3E5A61006B7541 /* notif_sleep_wake.h */ = {isa = PBXFileReference; fileEncoding = 4; lastKnownFileType = sourcecode.c.h; path = notif_sleep_wake.h; sourceTree = "<group>"; };
		A4ADC3B22A3E5DFC006B7541 /* IOKit.framework */ = {isa = PBXFileReference; lastKnownFileType = wrapper.framework; name = IOKit.framework; path = System/Library/Frameworks/IOKit.framework; sourceTree = SDKROOT; };
		A4ADC3B42A3F19B4006B7541 /* wake_timer.h */ = {isa = PBXFileReference; fileEncoding = 4; lastKnownFileType = sourcecode.c.h; path = wake_timer.h; sourceTree = "<group>"; };
		A4ADC3B52A3F2833006B7541 /* CFString_conv.h */ = {isa = PBXFileReference; fileEncoding = 4; lastKnownFileType = sourcecode.c.h; path = CFString_conv.h; sourceTree = "<group>"; };
		A4ADC3B62A3F7414006B7541 /* Carbon.framework */ = {isa = PBXFileReference; lastKnownFileType = wrapper.framework; name = Carbon.framework; path = System/Library/Frameworks/Carbon.framework; sourceTree = SDKROOT; };
/* End PBXFileReference section */

/* Begin PBXFrameworksBuildPhase section */
		A4ADC39C2A3E2EF3006B7541 /* Frameworks */ = {
			isa = PBXFrameworksBuildPhase;
			buildActionMask = 2147483647;
			files = (
				A4ADC3AE2A3E3234006B7541 /* CoreFoundation.framework in Frameworks */,
				A4ADC3B72A3F7414006B7541 /* Carbon.framework in Frameworks */,
				A4ADC3B32A3E5DFC006B7541 /* IOKit.framework in Frameworks */,
			);
			runOnlyForDeploymentPostprocessing = 0;
		};
/* End PBXFrameworksBuildPhase section */

/* Begin PBXGroup section */
		A4ADC3962A3E2EF3006B7541 = {
			isa = PBXGroup;
			children = (
				A4ADC3A92A3E2FCF006B7541 /* README.md */,
				A4ADC3A12A3E2EF3006B7541 /* macOS tips - part 2 */,
				A4ADC3A02A3E2EF3006B7541 /* Products */,
				A4ADC3AC2A3E3234006B7541 /* Frameworks */,
			);
			sourceTree = "<group>";
		};
		A4ADC3A02A3E2EF3006B7541 /* Products */ = {
			isa = PBXGroup;
			children = (
				A4ADC39F2A3E2EF3006B7541 /* macOS tips - part 2 */,
			);
			name = Products;
			sourceTree = "<group>";
		};
		A4ADC3A12A3E2EF3006B7541 /* macOS tips - part 2 */ = {
			isa = PBXGroup;
			children = (
				A4ADC3B52A3F2833006B7541 /* CFString_conv.h */,
				A4ADC3A22A3E2EF3006B7541 /* main.cpp */,
				A4ADC3AA2A3E303E006B7541 /* notif_reboot_shutdown.h */,
				A4ADC3B12A3E5A61006B7541 /* notif_sleep_wake.h */,
				A4ADC3AB2A3E30E9006B7541 /* rdr_wrtr.h */,
				A4ADC3B02A3E38A8006B7541 /* synched_data.h */,
				A4ADC3AF2A3E3505006B7541 /* types.h */,
				A4ADC3B42A3F19B4006B7541 /* wake_timer.h */,
			);
			path = "macOS tips - part 2";
			sourceTree = "<group>";
		};
		A4ADC3AC2A3E3234006B7541 /* Frameworks */ = {
			isa = PBXGroup;
			children = (
				A4ADC3B62A3F7414006B7541 /* Carbon.framework */,
				A4ADC3B22A3E5DFC006B7541 /* IOKit.framework */,
				A4ADC3AD2A3E3234006B7541 /* CoreFoundation.framework */,
			);
			name = Frameworks;
			sourceTree = "<group>";
		};
/* End PBXGroup section */

/* Begin PBXNativeTarget section */
		A4ADC39E2A3E2EF3006B7541 /* macOS tips - part 2 */ = {
			isa = PBXNativeTarget;
			buildConfigurationList = A4ADC3A62A3E2EF3006B7541 /* Build configuration list for PBXNativeTarget "macOS tips - part 2" */;
			buildPhases = (
				A4ADC39B2A3E2EF3006B7541 /* Sources */,
				A4ADC39C2A3E2EF3006B7541 /* Frameworks */,
				A4ADC39D2A3E2EF3006B7541 /* CopyFiles */,
			);
			buildRules = (
			);
			dependencies = (
			);
			name = "macOS tips - part 2";
			productName = "macOS tips - part 2";
			productReference = A4ADC39F2A3E2EF3006B7541 /* macOS tips - part 2 */;
			productType = "com.apple.product-type.tool";
		};
/* End PBXNativeTarget section */

/* Begin PBXProject section */
		A4ADC3972A3E2EF3006B7541 /* Project object */ = {
			isa = PBXProject;
			attributes = {
				BuildIndependentTargetsInParallel = 1;
				LastUpgradeCheck = 1410;
				TargetAttributes = {
					A4ADC39E2A3E2EF3006B7541 = {
						CreatedOnToolsVersion = 14.1;
					};
				};
			};
			buildConfigurationList = A4ADC39A2A3E2EF3006B7541 /* Build configuration list for PBXProject "macOS tips - part 2" */;
			compatibilityVersion = "Xcode 14.0";
			developmentRegion = en;
			hasScannedForEncodings = 0;
			knownRegions = (
				en,
				Base,
			);
			mainGroup = A4ADC3962A3E2EF3006B7541;
			productRefGroup = A4ADC3A02A3E2EF3006B7541 /* Products */;
			projectDirPath = "";
			projectRoot = "";
			targets = (
				A4ADC39E2A3E2EF3006B7541 /* macOS tips - part 2 */,
			);
		};
/* End PBXProject section */

/* Begin PBXSourcesBuildPhase section */
		A4ADC39B2A3E2EF3006B7541 /* Sources */ = {
			isa = PBXSourcesBuildPhase;
			buildActionMask = 2147483647;
			files = (
				A4ADC3A32A3E2EF3006B7541 /* main.cpp in Sources */,
			);
			runOnlyForDeploymentPostprocessing = 0;
		};
/* End PBXSourcesBuildPhase section */

/* Begin XCBuildConfiguration section */
		A4ADC3A42A3E2EF3006B7541 /* Debug */ = {
			isa = XCBuildConfiguration;
			buildSettings = {
				ALWAYS_SEARCH_USER_PATHS = NO;
				CLANG_ANALYZER_NONNULL = YES;
				CLANG_ANALYZER_NUMBER_OBJECT_CONVERSION = YES_AGGRESSIVE;
				CLANG_CXX_LANGUAGE_STANDARD = "gnu++20";
				CLANG_ENABLE_MODULES = YES;
				CLANG_ENABLE_OBJC_ARC = YES;
				CLANG_ENABLE_OBJC_WEAK = YES;
				CLANG_WARN_BLOCK_CAPTURE_AUTORELEASING = YES;
				CLANG_WARN_BOOL_CONVERSION = YES;
				CLANG_WARN_COMMA = YES;
				CLANG_WARN_CONSTANT_CONVERSION = YES;
				CLANG_WARN_DEPRECATED_OBJC_IMPLEMENTATIONS = YES;
				CLANG_WARN_DIRECT_OBJC_ISA_USAGE = YES_ERROR;
				CLANG_WARN_DOCUMENTATION_COMMENTS = YES;
				CLANG_WARN_EMPTY_BODY = YES;
				CLANG_WARN_ENUM_CONVERSION = YES;
				CLANG_WARN_INFINITE_RECURSION = YES;
				CLANG_WARN_INT_CONVERSION = YES;
				CLANG_WARN_NON_LITERAL_NULL_CONVERSION = YES;
				CLANG_WARN_OBJC_IMPLICIT_RETAIN_SELF = YES;
				CLANG_WARN_OBJC_LITERAL_CONVERSION = YES;
				CLANG_WARN_OBJC_ROOT_CLASS = YES_ERROR;
				CLANG_WARN_QUOTED_INCLUDE_IN_FRAMEWORK_HEADER = YES;
				CLANG_WARN_RANGE_LOOP_ANALYSIS = YES;
				CLANG_WARN_STRICT_PROTOTYPES = YES;
				CLANG_WARN_SUSPICIOUS_MOVE = YES;
				CLANG_WARN_UNGUARDED_AVAILABILITY = YES_AGGRESSIVE;
				CLANG_WARN_UNREACHABLE_CODE = YES;
				CLANG_WARN__DUPLICATE_METHOD_MATCH = YES;
				COPY_PHASE_STRIP = NO;
				DEBUG_INFORMATION_FORMAT = dwarf;
				ENABLE_STRICT_OBJC_MSGSEND = YES;
				ENABLE_TESTABILITY = YES;
				GCC_C_LANGUAGE_STANDARD = gnu11;
				GCC_DYNAMIC_NO_PIC = NO;
				GCC_NO_COMMON_BLOCKS = YES;
				GCC_OPTIMIZATION_LEVEL = 0;
				GCC_PREPROCESSOR_DEFINITIONS = (
					"DEBUG=1",
					"$(inherited)",
				);
				GCC_WARN_64_TO_32_BIT_CONVERSION = YES;
				GCC_WARN_ABOUT_RETURN_TYPE = YES_ERROR;
				GCC_WARN_UNDECLARED_SELECTOR = YES;
				GCC_WARN_UNINITIALIZED_AUTOS = YES_AGGRESSIVE;
				GCC_WARN_UNUSED_FUNCTION = YES;
				GCC_WARN_UNUSED_VARIABLE = YES;
				MACOSX_DEPLOYMENT_TARGET = 13.0;
				MTL_ENABLE_DEBUG_INFO = INCLUDE_SOURCE;
				MTL_FAST_MATH = YES;
				ONLY_ACTIVE_ARCH = YES;
				SDKROOT = macosx;
			};
			name = Debug;
		};
		A4ADC3A52A3E2EF3006B7541 /* Release */ = {
			isa = XCBuildConfiguration;
			buildSettings = {
				ALWAYS_SEARCH_USER_PATHS = NO;
				CLANG_ANALYZER_NONNULL = YES;
				CLANG_ANALYZER_NUMBER_OBJECT_CONVERSION = YES_AGGRESSIVE;
				CLANG_CXX_LANGUAGE_STANDARD = "gnu++20";
				CLANG_ENABLE_MODULES = YES;
				CLANG_ENABLE_OBJC_ARC = YES;
				CLANG_ENABLE_OBJC_WEAK = YES;
				CLANG_WARN_BLOCK_CAPTURE_AUTORELEASING = YES;
				CLANG_WARN_BOOL_CONVERSION = YES;
				CLANG_WARN_COMMA = YES;
				CLANG_WARN_CONSTANT_CONVERSION = YES;
				CLANG_WARN_DEPRECATED_OBJC_IMPLEMENTATIONS = YES;
				CLANG_WARN_DIRECT_OBJC_ISA_USAGE = YES_ERROR;
				CLANG_WARN_DOCUMENTATION_COMMENTS = YES;
				CLANG_WARN_EMPTY_BODY = YES;
				CLANG_WARN_ENUM_CONVERSION = YES;
				CLANG_WARN_INFINITE_RECURSION = YES;
				CLANG_WARN_INT_CONVERSION = YES;
				CLANG_WARN_NON_LITERAL_NULL_CONVERSION = YES;
				CLANG_WARN_OBJC_IMPLICIT_RETAIN_SELF = YES;
				CLANG_WARN_OBJC_LITERAL_CONVERSION = YES;
				CLANG_WARN_OBJC_ROOT_CLASS = YES_ERROR;
				CLANG_WARN_QUOTED_INCLUDE_IN_FRAMEWORK_HEADER = YES;
				CLANG_WARN_RANGE_LOOP_ANALYSIS = YES;
				CLANG_WARN_STRICT_PROTOTYPES = YES;
				CLANG_WARN_SUSPICIOUS_MOVE = YES;
				CLANG_WARN_UNGUARDED_AVAILABILITY = YES_AGGRESSIVE;
				CLANG_WARN_UNREACHABLE_CODE = YES;
				CLANG_WARN__DUPLICATE_METHOD_MATCH = YES;
				COPY_PHASE_STRIP = NO;
				DEBUG_INFORMATION_FORMAT = "dwarf-with-dsym";
				ENABLE_NS_ASSERTIONS = NO;
				ENABLE_STRICT_OBJC_MSGSEND = YES;
				GCC_C_LANGUAGE_STANDARD = gnu11;
				GCC_NO_COMMON_BLOCKS = YES;
				GCC_WARN_64_TO_32_BIT_CONVERSION = YES;
				GCC_WARN_ABOUT_RETURN_TYPE = YES_ERROR;
				GCC_WARN_UNDECLARED_SELECTOR = YES;
				GCC_WARN_UNINITIALIZED_AUTOS = YES_AGGRESSIVE;
				GCC_WARN_UNUSED_FUNCTION = YES;
				GCC_WARN_UNUSED_VARIABLE = YES;
				MACOSX_DEPLOYMENT_TARGET = 13.0;
				MTL_ENABLE_DEBUG_INFO = NO;
				MTL_FAST_MATH = YES;
				SDKROOT = macosx;
			};
			name = Release;
		};
		A4ADC3A72A3E2EF3006B7541 /* Debug */ = {
			isa = XCBuildConfiguration;
			buildSettings = {
				CODE_SIGN_STYLE = Automatic;
				PRODUCT_NAME = "$(TARGET_NAME)";
			};
			name = Debug;
		};
		A4ADC3A82A3E2EF3006B7541 /* Release */ = {
			isa = XCBuildConfiguration;
			buildSettings = {
				CODE_SIGN_STYLE = Automatic;
				PRODUCT_NAME = "$(TARGET_NAME)";
			};
			name = Release;
		};
/* End XCBuildConfiguration section */

/* Begin XCConfigurationList section */
		A4ADC39A2A3E2EF3006B7541 /* Build configuration list for PBXProject "macOS tips - part 2" */ = {
			isa = XCConfigurationList;
			buildConfigurations = (
				A4ADC3A42A3E2EF3006B7541 /* Debug */,
				A4ADC3A52A3E2EF3006B7541 /* Release */,
			);
			defaultConfigurationIsVisible = 0;
			defaultConfigurationName = Release;
		};
		A4ADC3A62A3E2EF3006B7541 /* Build configuration list for PBXNativeTarget "macOS tips - part 2" */ = {
			isa = XCConfigurationList;
			buildConfigurations = (
				A4ADC3A72A3E2EF3006B7541 /* Debug */,
				A4ADC3A82A3E2EF3006B7541 /* Release */,
			);
			defaultConfigurationIsVisible = 0;
			defaultConfigurationName = Release;
		};
/* End XCConfigurationList section */
	};
	rootObject = A4ADC3972A3E2EF3006B7541 /* Project object */;
}
